
Microsoft Visual Studio Solution File, Format Version 12.00
# Visual Studio Version 17
VisualStudioVersion = 17.11.35208.52
MinimumVisualStudioVersion = 10.0.40219.1
Project("{9A19103F-16F7-4668-BE54-9A1E7A4F7556}") = "KyrsovRPVS", "KyrsovRPVS\KyrsovRPVS.csproj", "{557DF55D-9C46-4B7A-881E-F5563253DE2C}"
EndProject
Project("{9A19103F-16F7-4668-BE54-9A1E7A4F7556}") = "GaussSolver.Core", "GaussSolver.Core\GaussSolver.Core.csproj", "{ED2AD412-6FC5-41C1-B1E4-A120C9DFCA79}"
EndProject
Global
	GlobalSection(SolutionConfigurationPlatforms) = preSolution
		Debug|Any CPU = Debug|Any CPU
		Release|Any CPU = Release|Any CPU
	EndGlobalSection
	GlobalSection(ProjectConfigurationPlatforms) = postSolution
		{557DF55D-9C46-4B7A-881E-F5563253DE2C}.Debug|Any CPU.ActiveCfg = Debug|Any CPU
		{557DF55D-9C46-4B7A-881E-F5563253DE2C}.Debug|Any CPU.Build.0 = Debug|Any CPU
		{557DF55D-9C46-4B7A-881E-F5563253DE2C}.Release|Any CPU.ActiveCfg = Release|Any CPU
		{557DF55D-9C46-4B7A-881E-F5563253DE2C}.Release|Any CPU.Build.0 = Release|Any CPU
		{ED2AD412-6FC5-41C1-B1E4-A120C9DFCA79}.Debug|Any CPU.ActiveCfg = Debug|Any CPU
		{ED2AD412-6FC5-41C1-B1E4-A120C9DFCA79}.Debug|Any CPU.Build.0 = Debug|Any CPU
		{ED2AD412-6FC5-41C1-B1E4-A120C9DFCA79}.Release|Any CPU.ActiveCfg = Release|Any CPU
		{ED2AD412-6FC5-41C1-B1E4-A120C9DFCA79}.Release|Any CPU.Build.0 = Release|Any CPU
	EndGlobalSection
	GlobalSection(SolutionProperties) = preSolution
		HideSolutionNode = FALSE
	EndGlobalSection
	GlobalSection(ExtensibilityGlobals) = postSolution
		SolutionGuid = {BE8032BD-88A6-4CE5-B772-4607ECFB8EF6}
	EndGlobalSection
EndGlobal
